
Microsoft Visual Studio Solution File, Format Version 11.00
# Visual Studio 2010
Project("{FAE04EC0-301F-11D3-BF4B-00C04F79EFBC}") = "PrimaryCareKO", "PrimaryCareKO\PrimaryCareKO.csproj", "{09BAFC4F-1B40-4223-BD1A-ABCB62BA390D}"
EndProject
Global
	GlobalSection(SolutionConfigurationPlatforms) = preSolution
		Debug|Any CPU = Debug|Any CPU
		Release|Any CPU = Release|Any CPU
	EndGlobalSection
	GlobalSection(ProjectConfigurationPlatforms) = postSolution
		{09BAFC4F-1B40-4223-BD1A-ABCB62BA390D}.Debug|Any CPU.ActiveCfg = Debug|Any CPU
		{09BAFC4F-1B40-4223-BD1A-ABCB62BA390D}.Debug|Any CPU.Build.0 = Debug|Any CPU
		{09BAFC4F-1B40-4223-BD1A-ABCB62BA390D}.Release|Any CPU.ActiveCfg = Release|Any CPU
		{09BAFC4F-1B40-4223-BD1A-ABCB62BA390D}.Release|Any CPU.Build.0 = Release|Any CPU
	EndGlobalSection
	GlobalSection(SolutionProperties) = preSolution
		HideSolutionNode = FALSE
	EndGlobalSection
EndGlobal
